
Microsoft Visual Studio Solution File, Format Version 12.00
# Visual Studio Version 16
VisualStudioVersion = 25.0.1700.1
MinimumVisualStudioVersion = 10.0.40219.1
Project("{FAE04EC0-301F-11D3-BF4B-00C04F79EFBC}") = "algorithms-and-data-structures", "algorithms-and-data-structures\algorithms-and-data-structures.csproj", "{DCF743A4-B9E0-4206-AB10-6F5FA8B33EA4}"
EndProject
Global
	GlobalSection(SolutionConfigurationPlatforms) = preSolution
		Debug|Any CPU = Debug|Any CPU
		Release|Any CPU = Release|Any CPU
	EndGlobalSection
	GlobalSection(ProjectConfigurationPlatforms) = postSolution
		{DCF743A4-B9E0-4206-AB10-6F5FA8B33EA4}.Debug|Any CPU.ActiveCfg = Debug|Any CPU
		{DCF743A4-B9E0-4206-AB10-6F5FA8B33EA4}.Debug|Any CPU.Build.0 = Debug|Any CPU
		{DCF743A4-B9E0-4206-AB10-6F5FA8B33EA4}.Release|Any CPU.ActiveCfg = Release|Any CPU
		{DCF743A4-B9E0-4206-AB10-6F5FA8B33EA4}.Release|Any CPU.Build.0 = Release|Any CPU
	EndGlobalSection
	GlobalSection(SolutionProperties) = preSolution
		HideSolutionNode = FALSE
	EndGlobalSection
	GlobalSection(ExtensibilityGlobals) = postSolution
		SolutionGuid = {28994462-07F9-439B-B9D0-2419ADE6CD5B}
	EndGlobalSection
EndGlobal
